// !$*UTF8*$!
{
	archiveVersion = 1;
	classes = {
	};
	objectVersion = 55;
	objects = {

/* Begin PBXBuildFile section */
		D60F96AC27C535100014F6A4 /* AppDelegate.swift in Sources */ = {isa = PBXBuildFile; fileRef = D60F96AB27C535100014F6A4 /* AppDelegate.swift */; };
		D60F96AE27C535100014F6A4 /* SceneDelegate.swift in Sources */ = {isa = PBXBuildFile; fileRef = D60F96AD27C535100014F6A4 /* SceneDelegate.swift */; };
		D60F96B027C535100014F6A4 /* MainViewController.swift in Sources */ = {isa = PBXBuildFile; fileRef = D60F96AF27C535100014F6A4 /* MainViewController.swift */; };
		D60F96B327C535100014F6A4 /* Main.storyboard in Resources */ = {isa = PBXBuildFile; fileRef = D60F96B127C535100014F6A4 /* Main.storyboard */; };
		D60F96B527C535120014F6A4 /* Assets.xcassets in Resources */ = {isa = PBXBuildFile; fileRef = D60F96B427C535120014F6A4 /* Assets.xcassets */; };
		D60F96B827C535120014F6A4 /* LaunchScreen.storyboard in Resources */ = {isa = PBXBuildFile; fileRef = D60F96B627C535120014F6A4 /* LaunchScreen.storyboard */; };
		D60F96C327C5483B0014F6A4 /* ExchangeManager.swift in Sources */ = {isa = PBXBuildFile; fileRef = D60F96C227C5483B0014F6A4 /* ExchangeManager.swift */; };
/* End PBXBuildFile section */

/* Begin PBXFileReference section */
		D60F96A827C535100014F6A4 /* ExchangeSearch.app */ = {isa = PBXFileReference; explicitFileType = wrapper.application; includeInIndex = 0; path = ExchangeSearch.app; sourceTree = BUILT_PRODUCTS_DIR; };
		D60F96AB27C535100014F6A4 /* AppDelegate.swift */ = {isa = PBXFileReference; lastKnownFileType = sourcecode.swift; path = AppDelegate.swift; sourceTree = "<group>"; };
		D60F96AD27C535100014F6A4 /* SceneDelegate.swift */ = {isa = PBXFileReference; lastKnownFileType = sourcecode.swift; path = SceneDelegate.swift; sourceTree = "<group>"; };
		D60F96AF27C535100014F6A4 /* MainViewController.swift */ = {isa = PBXFileReference; lastKnownFileType = sourcecode.swift; path = MainViewController.swift; sourceTree = "<group>"; };
		D60F96B227C535100014F6A4 /* Base */ = {isa = PBXFileReference; lastKnownFileType = file.storyboard; name = Base; path = Base.lproj/Main.storyboard; sourceTree = "<group>"; };
		D60F96B427C535120014F6A4 /* Assets.xcassets */ = {isa = PBXFileReference; lastKnownFileType = folder.assetcatalog; path = Assets.xcassets; sourceTree = "<group>"; };
		D60F96B727C535120014F6A4 /* Base */ = {isa = PBXFileReference; lastKnownFileType = file.storyboard; name = Base; path = Base.lproj/LaunchScreen.storyboard; sourceTree = "<group>"; };
		D60F96B927C535120014F6A4 /* Info.plist */ = {isa = PBXFileReference; lastKnownFileType = text.plist.xml; path = Info.plist; sourceTree = "<group>"; };
		D60F96C227C5483B0014F6A4 /* ExchangeManager.swift */ = {isa = PBXFileReference; lastKnownFileType = sourcecode.swift; path = ExchangeManager.swift; sourceTree = "<group>"; };
/* End PBXFileReference section */

/* Begin PBXFrameworksBuildPhase section */
		D60F96A527C535100014F6A4 /* Frameworks */ = {
			isa = PBXFrameworksBuildPhase;
			buildActionMask = 2147483647;
			files = (
			);
			runOnlyForDeploymentPostprocessing = 0;
		};
/* End PBXFrameworksBuildPhase section */

/* Begin PBXGroup section */
		D60F969F27C535100014F6A4 = {
			isa = PBXGroup;
			children = (
				D60F96AA27C535100014F6A4 /* ExchangeSearch */,
				D60F96A927C535100014F6A4 /* Products */,
			);
			sourceTree = "<group>";
		};
		D60F96A927C535100014F6A4 /* Products */ = {
			isa = PBXGroup;
			children = (
				D60F96A827C535100014F6A4 /* ExchangeSearch.app */,
			);
			name = Products;
			sourceTree = "<group>";
		};
		D60F96AA27C535100014F6A4 /* ExchangeSearch */ = {
			isa = PBXGroup;
			children = (
				D60F96AB27C535100014F6A4 /* AppDelegate.swift */,
				D60F96AD27C535100014F6A4 /* SceneDelegate.swift */,
				D60F96C127C548270014F6A4 /* Model */,
				D60F96BF27C536800014F6A4 /* View */,
				D60F96C027C536940014F6A4 /* Controller */,
				D60F96B427C535120014F6A4 /* Assets.xcassets */,
				D60F96B627C535120014F6A4 /* LaunchScreen.storyboard */,
				D60F96B927C535120014F6A4 /* Info.plist */,
			);
			path = ExchangeSearch;
			sourceTree = "<group>";
		};
		D60F96BF27C536800014F6A4 /* View */ = {
			isa = PBXGroup;
			children = (
				D60F96B127C535100014F6A4 /* Main.storyboard */,
			);
			path = View;
			sourceTree = "<group>";
		};
		D60F96C027C536940014F6A4 /* Controller */ = {
			isa = PBXGroup;
			children = (
				D60F96AF27C535100014F6A4 /* MainViewController.swift */,
			);
			path = Controller;
			sourceTree = "<group>";
		};
		D60F96C127C548270014F6A4 /* Model */ = {
			isa = PBXGroup;
			children = (
				D60F96C227C5483B0014F6A4 /* ExchangeManager.swift */,
			);
			path = Model;
			sourceTree = "<group>";
		};
/* End PBXGroup section */

/* Begin PBXNativeTarget section */
		D60F96A727C535100014F6A4 /* ExchangeSearch */ = {
			isa = PBXNativeTarget;
			buildConfigurationList = D60F96BC27C535120014F6A4 /* Build configuration list for PBXNativeTarget "ExchangeSearch" */;
			buildPhases = (
				D60F96A427C535100014F6A4 /* Sources */,
				D60F96A527C535100014F6A4 /* Frameworks */,
				D60F96A627C535100014F6A4 /* Resources */,
			);
			buildRules = (
			);
			dependencies = (
			);
			name = ExchangeSearch;
			productName = ExchangeSearch;
			productReference = D60F96A827C535100014F6A4 /* ExchangeSearch.app */;
			productType = "com.apple.product-type.application";
		};
/* End PBXNativeTarget section */

/* Begin PBXProject section */
		D60F96A027C535100014F6A4 /* Project object */ = {
			isa = PBXProject;
			attributes = {
				BuildIndependentTargetsInParallel = 1;
				LastSwiftUpdateCheck = 1320;
				LastUpgradeCheck = 1320;
				TargetAttributes = {
					D60F96A727C535100014F6A4 = {
						CreatedOnToolsVersion = 13.2.1;
					};
				};
			};
			buildConfigurationList = D60F96A327C535100014F6A4 /* Build configuration list for PBXProject "ExchangeSearch" */;
			compatibilityVersion = "Xcode 13.0";
			developmentRegion = en;
			hasScannedForEncodings = 0;
			knownRegions = (
				en,
				Base,
			);
			mainGroup = D60F969F27C535100014F6A4;
			productRefGroup = D60F96A927C535100014F6A4 /* Products */;
			projectDirPath = "";
			projectRoot = "";
			targets = (
				D60F96A727C535100014F6A4 /* ExchangeSearch */,
			);
		};
/* End PBXProject section */

/* Begin PBXResourcesBuildPhase section */
		D60F96A627C535100014F6A4 /* Resources */ = {
			isa = PBXResourcesBuildPhase;
			buildActionMask = 2147483647;
			files = (
				D60F96B827C535120014F6A4 /* LaunchScreen.storyboard in Resources */,
				D60F96B527C535120014F6A4 /* Assets.xcassets in Resources */,
				D60F96B327C535100014F6A4 /* Main.storyboard in Resources */,
			);
			runOnlyForDeploymentPostprocessing = 0;
		};
/* End PBXResourcesBuildPhase section */

/* Begin PBXSourcesBuildPhase section */
		D60F96A427C535100014F6A4 /* Sources */ = {
			isa = PBXSourcesBuildPhase;
			buildActionMask = 2147483647;
			files = (
				D60F96B027C535100014F6A4 /* MainViewController.swift in Sources */,
				D60F96AC27C535100014F6A4 /* AppDelegate.swift in Sources */,
				D60F96C327C5483B0014F6A4 /* ExchangeManager.swift in Sources */,
				D60F96AE27C535100014F6A4 /* SceneDelegate.swift in Sources */,
			);
			runOnlyForDeploymentPostprocessing = 0;
		};
/* End PBXSourcesBuildPhase section */

/* Begin PBXVariantGroup section */
		D60F96B127C535100014F6A4 /* Main.storyboard */ = {
			isa = PBXVariantGroup;
			children = (
				D60F96B227C535100014F6A4 /* Base */,
			);
			name = Main.storyboard;
			sourceTree = "<group>";
		};
		D60F96B627C535120014F6A4 /* LaunchScreen.storyboard */ = {
			isa = PBXVariantGroup;
			children = (
				D60F96B727C535120014F6A4 /* Base */,
			);
			name = LaunchScreen.storyboard;
			sourceTree = "<group>";
		};
/* End PBXVariantGroup section */

/* Begin XCBuildConfiguration section */
		D60F96BA27C535120014F6A4 /* Debug */ = {
			isa = XCBuildConfiguration;
			buildSettings = {
				ALWAYS_SEARCH_USER_PATHS = NO;
				CLANG_ANALYZER_NONNULL = YES;
				CLANG_ANALYZER_NUMBER_OBJECT_CONVERSION = YES_AGGRESSIVE;
				CLANG_CXX_LANGUAGE_STANDARD = "gnu++17";
				CLANG_CXX_LIBRARY = "libc++";
				CLANG_ENABLE_MODULES = YES;
				CLANG_ENABLE_OBJC_ARC = YES;
				CLANG_ENABLE_OBJC_WEAK = YES;
				CLANG_WARN_BLOCK_CAPTURE_AUTORELEASING = YES;
				CLANG_WARN_BOOL_CONVERSION = YES;
				CLANG_WARN_COMMA = YES;
				CLANG_WARN_CONSTANT_CONVERSION = YES;
				CLANG_WARN_DEPRECATED_OBJC_IMPLEMENTATIONS = YES;
				CLANG_WARN_DIRECT_OBJC_ISA_USAGE = YES_ERROR;
				CLANG_WARN_DOCUMENTATION_COMMENTS = YES;
				CLANG_WARN_EMPTY_BODY = YES;
				CLANG_WARN_ENUM_CONVERSION = YES;
				CLANG_WARN_INFINITE_RECURSION = YES;
				CLANG_WARN_INT_CONVERSION = YES;
				CLANG_WARN_NON_LITERAL_NULL_CONVERSION = YES;
				CLANG_WARN_OBJC_IMPLICIT_RETAIN_SELF = YES;
				CLANG_WARN_OBJC_LITERAL_CONVERSION = YES;
				CLANG_WARN_OBJC_ROOT_CLASS = YES_ERROR;
				CLANG_WARN_QUOTED_INCLUDE_IN_FRAMEWORK_HEADER = YES;
				CLANG_WARN_RANGE_LOOP_ANALYSIS = YES;
				CLANG_WARN_STRICT_PROTOTYPES = YES;
				CLANG_WARN_SUSPICIOUS_MOVE = YES;
				CLANG_WARN_UNGUARDED_AVAILABILITY = YES_AGGRESSIVE;
				CLANG_WARN_UNREACHABLE_CODE = YES;
				CLANG_WARN__DUPLICATE_METHOD_MATCH = YES;
				COPY_PHASE_STRIP = NO;
				DEBUG_INFORMATION_FORMAT = dwarf;
				ENABLE_STRICT_OBJC_MSGSEND = YES;
				ENABLE_TESTABILITY = YES;
				GCC_C_LANGUAGE_STANDARD = gnu11;
				GCC_DYNAMIC_NO_PIC = NO;
				GCC_NO_COMMON_BLOCKS = YES;
				GCC_OPTIMIZATION_LEVEL = 0;
				GCC_PREPROCESSOR_DEFINITIONS = (
					"DEBUG=1",
					"$(inherited)",
				);
				GCC_WARN_64_TO_32_BIT_CONVERSION = YES;
				GCC_WARN_ABOUT_RETURN_TYPE = YES_ERROR;
				GCC_WARN_UNDECLARED_SELECTOR = YES;
				GCC_WARN_UNINITIALIZED_AUTOS = YES_AGGRESSIVE;
				GCC_WARN_UNUSED_FUNCTION = YES;
				GCC_WARN_UNUSED_VARIABLE = YES;
				IPHONEOS_DEPLOYMENT_TARGET = 15.2;
				MTL_ENABLE_DEBUG_INFO = INCLUDE_SOURCE;
				MTL_FAST_MATH = YES;
				ONLY_ACTIVE_ARCH = YES;
				SDKROOT = iphoneos;
				SWIFT_ACTIVE_COMPILATION_CONDITIONS = DEBUG;
				SWIFT_OPTIMIZATION_LEVEL = "-Onone";
			};
			name = Debug;
		};
		D60F96BB27C535120014F6A4 /* Release */ = {
			isa = XCBuildConfiguration;
			buildSettings = {
				ALWAYS_SEARCH_USER_PATHS = NO;
				CLANG_ANALYZER_NONNULL = YES;
				CLANG_ANALYZER_NUMBER_OBJECT_CONVERSION = YES_AGGRESSIVE;
				CLANG_CXX_LANGUAGE_STANDARD = "gnu++17";
				CLANG_CXX_LIBRARY = "libc++";
				CLANG_ENABLE_MODULES = YES;
				CLANG_ENABLE_OBJC_ARC = YES;
				CLANG_ENABLE_OBJC_WEAK = YES;
				CLANG_WARN_BLOCK_CAPTURE_AUTORELEASING = YES;
				CLANG_WARN_BOOL_CONVERSION = YES;
				CLANG_WARN_COMMA = YES;
				CLANG_WARN_CONSTANT_CONVERSION = YES;
				CLANG_WARN_DEPRECATED_OBJC_IMPLEMENTATIONS = YES;
				CLANG_WARN_DIRECT_OBJC_ISA_USAGE = YES_ERROR;
				CLANG_WARN_DOCUMENTATION_COMMENTS = YES;
				CLANG_WARN_EMPTY_BODY = YES;
				CLANG_WARN_ENUM_CONVERSION = YES;
				CLANG_WARN_INFINITE_RECURSION = YES;
				CLANG_WARN_INT_CONVERSION = YES;
				CLANG_WARN_NON_LITERAL_NULL_CONVERSION = YES;
				CLANG_WARN_OBJC_IMPLICIT_RETAIN_SELF = YES;
				CLANG_WARN_OBJC_LITERAL_CONVERSION = YES;
				CLANG_WARN_OBJC_ROOT_CLASS = YES_ERROR;
				CLANG_WARN_QUOTED_INCLUDE_IN_FRAMEWORK_HEADER = YES;
				CLANG_WARN_RANGE_LOOP_ANALYSIS = YES;
				CLANG_WARN_STRICT_PROTOTYPES = YES;
				CLANG_WARN_SUSPICIOUS_MOVE = YES;
				CLANG_WARN_UNGUARDED_AVAILABILITY = YES_AGGRESSIVE;
				CLANG_WARN_UNREACHABLE_CODE = YES;
				CLANG_WARN__DUPLICATE_METHOD_MATCH = YES;
				COPY_PHASE_STRIP = NO;
				DEBUG_INFORMATION_FORMAT = "dwarf-with-dsym";
				ENABLE_NS_ASSERTIONS = NO;
				ENABLE_STRICT_OBJC_MSGSEND = YES;
				GCC_C_LANGUAGE_STANDARD = gnu11;
				GCC_NO_COMMON_BLOCKS = YES;
				GCC_WARN_64_TO_32_BIT_CONVERSION = YES;
				GCC_WARN_ABOUT_RETURN_TYPE = YES_ERROR;
				GCC_WARN_UNDECLARED_SELECTOR = YES;
				GCC_WARN_UNINITIALIZED_AUTOS = YES_AGGRESSIVE;
				GCC_WARN_UNUSED_FUNCTION = YES;
				GCC_WARN_UNUSED_VARIABLE = YES;
				IPHONEOS_DEPLOYMENT_TARGET = 15.2;
				MTL_ENABLE_DEBUG_INFO = NO;
				MTL_FAST_MATH = YES;
				SDKROOT = iphoneos;
				SWIFT_COMPILATION_MODE = wholemodule;
				SWIFT_OPTIMIZATION_LEVEL = "-O";
				VALIDATE_PRODUCT = YES;
			};
			name = Release;
		};
		D60F96BD27C535120014F6A4 /* Debug */ = {
			isa = XCBuildConfiguration;
			buildSettings = {
				ASSETCATALOG_COMPILER_APPICON_NAME = AppIcon;
				ASSETCATALOG_COMPILER_GLOBAL_ACCENT_COLOR_NAME = AccentColor;
				CODE_SIGN_STYLE = Automatic;
				CURRENT_PROJECT_VERSION = 1;
				DEVELOPMENT_TEAM = FH6MHCYNH7;
				GENERATE_INFOPLIST_FILE = YES;
				INFOPLIST_FILE = ExchangeSearch/Info.plist;
				INFOPLIST_KEY_UIApplicationSupportsIndirectInputEvents = YES;
				INFOPLIST_KEY_UILaunchStoryboardName = LaunchScreen;
				INFOPLIST_KEY_UIMainStoryboardFile = Main;
				INFOPLIST_KEY_UISupportedInterfaceOrientations_iPad = "UIInterfaceOrientationPortrait UIInterfaceOrientationPortraitUpsideDown UIInterfaceOrientationLandscapeLeft UIInterfaceOrientationLandscapeRight";
				INFOPLIST_KEY_UISupportedInterfaceOrientations_iPhone = "UIInterfaceOrientationPortrait UIInterfaceOrientationLandscapeLeft UIInterfaceOrientationLandscapeRight";
				LD_RUNPATH_SEARCH_PATHS = (
					"$(inherited)",
					"@executable_path/Frameworks",
				);
				MARKETING_VERSION = 1.0;
				PRODUCT_BUNDLE_IDENTIFIER = jedrzej.kus.ExchangeSearch;
				PRODUCT_NAME = "$(TARGET_NAME)";
				SWIFT_EMIT_LOC_STRINGS = YES;
				SWIFT_VERSION = 5.0;
				TARGETED_DEVICE_FAMILY = 1;
			};
			name = Debug;
		};
		D60F96BE27C535120014F6A4 /* Release */ = {
			isa = XCBuildConfiguration;
			buildSettings = {
				ASSETCATALOG_COMPILER_APPICON_NAME = AppIcon;
				ASSETCATALOG_COMPILER_GLOBAL_ACCENT_COLOR_NAME = AccentColor;
				CODE_SIGN_STYLE = Automatic;
				CURRENT_PROJECT_VERSION = 1;
				DEVELOPMENT_TEAM = FH6MHCYNH7;
				GENERATE_INFOPLIST_FILE = YES;
				INFOPLIST_FILE = ExchangeSearch/Info.plist;
				INFOPLIST_KEY_UIApplicationSupportsIndirectInputEvents = YES;
				INFOPLIST_KEY_UILaunchStoryboardName = LaunchScreen;
				INFOPLIST_KEY_UIMainStoryboardFile = Main;
				INFOPLIST_KEY_UISupportedInterfaceOrientations_iPad = "UIInterfaceOrientationPortrait UIInterfaceOrientationPortraitUpsideDown UIInterfaceOrientationLandscapeLeft UIInterfaceOrientationLandscapeRight";
				INFOPLIST_KEY_UISupportedInterfaceOrientations_iPhone = "UIInterfaceOrientationPortrait UIInterfaceOrientationLandscapeLeft UIInterfaceOrientationLandscapeRight";
				LD_RUNPATH_SEARCH_PATHS = (
					"$(inherited)",
					"@executable_path/Frameworks",
				);
				MARKETING_VERSION = 1.0;
				PRODUCT_BUNDLE_IDENTIFIER = jedrzej.kus.ExchangeSearch;
				PRODUCT_NAME = "$(TARGET_NAME)";
				SWIFT_EMIT_LOC_STRINGS = YES;
				SWIFT_VERSION = 5.0;
				TARGETED_DEVICE_FAMILY = 1;
			};
			name = Release;
		};
/* End XCBuildConfiguration section */

/* Begin XCConfigurationList section */
		D60F96A327C535100014F6A4 /* Build configuration list for PBXProject "ExchangeSearch" */ = {
			isa = XCConfigurationList;
			buildConfigurations = (
				D60F96BA27C535120014F6A4 /* Debug */,
				D60F96BB27C535120014F6A4 /* Release */,
			);
			defaultConfigurationIsVisible = 0;
			defaultConfigurationName = Release;
		};
		D60F96BC27C535120014F6A4 /* Build configuration list for PBXNativeTarget "ExchangeSearch" */ = {
			isa = XCConfigurationList;
			buildConfigurations = (
				D60F96BD27C535120014F6A4 /* Debug */,
				D60F96BE27C535120014F6A4 /* Release */,
			);
			defaultConfigurationIsVisible = 0;
			defaultConfigurationName = Release;
		};
/* End XCConfigurationList section */
	};
	rootObject = D60F96A027C535100014F6A4 /* Project object */;
}
